// !$*UTF8*$!
{
	archiveVersion = 1;
	classes = {
	};
	objectVersion = 56;
	objects = {

/* Begin PBXBuildFile section */
		1C0B32752A0F900500147232 /* FirebaseAuth in Frameworks */ = {isa = PBXBuildFile; productRef = 1C0B32742A0F900500147232 /* FirebaseAuth */; };
		1C0B32772A0F900500147232 /* FirebaseFirestore in Frameworks */ = {isa = PBXBuildFile; productRef = 1C0B32762A0F900500147232 /* FirebaseFirestore */; };
		1C0B32792A0F900500147232 /* FirebaseFirestoreSwift in Frameworks */ = {isa = PBXBuildFile; productRef = 1C0B32782A0F900500147232 /* FirebaseFirestoreSwift */; };
		1C0B327E2A0FA21B00147232 /* Breed.swift in Sources */ = {isa = PBXBuildFile; fileRef = 1C0B327D2A0FA21B00147232 /* Breed.swift */; };
		1C0B32822A11CFD400147232 /* GoogleService-Info.plist in Resources */ = {isa = PBXBuildFile; fileRef = 1C0B32812A11CFD400147232 /* GoogleService-Info.plist */; };
		1C0B32852A14C28000147232 /* Breed+CoreDataClass.swift in Sources */ = {isa = PBXBuildFile; fileRef = 1C0B32832A14C28000147232 /* Breed+CoreDataClass.swift */; };
		1C0B32862A14C28000147232 /* Breed+CoreDataProperties.swift in Sources */ = {isa = PBXBuildFile; fileRef = 1C0B32842A14C28000147232 /* Breed+CoreDataProperties.swift */; };
		1C1DCF9B2A09D70C0013662D /* MulticastDelegate.swift in Sources */ = {isa = PBXBuildFile; fileRef = 1C1DCF9A2A09D70C0013662D /* MulticastDelegate.swift */; };
		1C1DCF9E2A09D7250013662D /* DataModel.xcdatamodeld in Sources */ = {isa = PBXBuildFile; fileRef = 1C1DCF9C2A09D7250013662D /* DataModel.xcdatamodeld */; };
		1C1DCFA12A09D7650013662D /* Card+CoreDataClass.swift in Sources */ = {isa = PBXBuildFile; fileRef = 1C1DCF9F2A09D7650013662D /* Card+CoreDataClass.swift */; };
		1C1DCFA22A09D7650013662D /* Card+CoreDataProperties.swift in Sources */ = {isa = PBXBuildFile; fileRef = 1C1DCFA02A09D7650013662D /* Card+CoreDataProperties.swift */; };
		1C4EE2D32A08AA8B008F0B7D /* Util.swift in Sources */ = {isa = PBXBuildFile; fileRef = 1C4EE2D22A08AA8B008F0B7D /* Util.swift */; };
		1C4EE2D72A08B0CD008F0B7D /* DatabaseProtocol.swift in Sources */ = {isa = PBXBuildFile; fileRef = 1C4EE2D62A08B0CD008F0B7D /* DatabaseProtocol.swift */; };
		1C4EE2D92A08B0FA008F0B7D /* CoreDataController.swift in Sources */ = {isa = PBXBuildFile; fileRef = 1C4EE2D82A08B0FA008F0B7D /* CoreDataController.swift */; };
		1C69531F29FF7956004349D8 /* TradeViewController.swift in Sources */ = {isa = PBXBuildFile; fileRef = 1C69531E29FF7956004349D8 /* TradeViewController.swift */; };
		1C69532129FF7970004349D8 /* OpenViewController.swift in Sources */ = {isa = PBXBuildFile; fileRef = 1C69532029FF7970004349D8 /* OpenViewController.swift */; };
		1C6953232A00AAB0004349D8 /* ImageViewController.swift in Sources */ = {isa = PBXBuildFile; fileRef = 1C6953222A00AAB0004349D8 /* ImageViewController.swift */; };
		1C6953252A00AFF3004349D8 /* SearchViewController.swift in Sources */ = {isa = PBXBuildFile; fileRef = 1C6953242A00AFF3004349D8 /* SearchViewController.swift */; };
		1C6953272A00B38C004349D8 /* OfferTableViewCell.swift in Sources */ = {isa = PBXBuildFile; fileRef = 1C6953262A00B38C004349D8 /* OfferTableViewCell.swift */; };
		1C6953292A00B46C004349D8 /* IncomingOffersViewController.swift in Sources */ = {isa = PBXBuildFile; fileRef = 1C6953282A00B46C004349D8 /* IncomingOffersViewController.swift */; };
		1C69532B2A00B514004349D8 /* Offer.swift in Sources */ = {isa = PBXBuildFile; fileRef = 1C69532A2A00B514004349D8 /* Offer.swift */; };
		1C69532D2A01CEA1004349D8 /* UserViewController.swift in Sources */ = {isa = PBXBuildFile; fileRef = 1C69532C2A01CEA1004349D8 /* UserViewController.swift */; };
		1C69532F2A01DBFE004349D8 /* OfferViewController.swift in Sources */ = {isa = PBXBuildFile; fileRef = 1C69532E2A01DBFE004349D8 /* OfferViewController.swift */; };
		1C90CBAB2A25CBD800384A69 /* APIKEYS.swift in Sources */ = {isa = PBXBuildFile; fileRef = 1C90CBAA2A25CBD800384A69 /* APIKEYS.swift */; };
		1C90CBAF2A28572F00384A69 /* CardView.swift in Sources */ = {isa = PBXBuildFile; fileRef = 1C90CBAE2A28572F00384A69 /* CardView.swift */; };
		1CA327DC2A0AF55200BD5E6F /* PackTimer+CoreDataClass.swift in Sources */ = {isa = PBXBuildFile; fileRef = 1CA327DA2A0AF55200BD5E6F /* PackTimer+CoreDataClass.swift */; };
		1CA327DD2A0AF55200BD5E6F /* PackTimer+CoreDataProperties.swift in Sources */ = {isa = PBXBuildFile; fileRef = 1CA327DB2A0AF55200BD5E6F /* PackTimer+CoreDataProperties.swift */; };
		1CA327DF2A0AFC8600BD5E6F /* InfoViewController.swift in Sources */ = {isa = PBXBuildFile; fileRef = 1CA327DE2A0AFC8600BD5E6F /* InfoViewController.swift */; };
		1CCB6E9D2A2B1F8100C67F99 /* LoginViewController.swift in Sources */ = {isa = PBXBuildFile; fileRef = 1CCB6E9C2A2B1F8100C67F99 /* LoginViewController.swift */; };
		1CCB6EA12A30C60B00C67F99 /* TradeCard.swift in Sources */ = {isa = PBXBuildFile; fileRef = 1CCB6EA02A30C60B00C67F99 /* TradeCard.swift */; };
		1CCB6EA32A30C7EE00C67F99 /* CardTableViewCell.swift in Sources */ = {isa = PBXBuildFile; fileRef = 1CCB6EA22A30C7EE00C67F99 /* CardTableViewCell.swift */; };
		9F0CC66E29F753ED00B5A612 /* CardViewCell.swift in Sources */ = {isa = PBXBuildFile; fileRef = 9F0CC66D29F753ED00B5A612 /* CardViewCell.swift */; };
		9F818B2D29F6402400005981 /* AppDelegate.swift in Sources */ = {isa = PBXBuildFile; fileRef = 9F818B2C29F6402400005981 /* AppDelegate.swift */; };
		9F818B2F29F6402400005981 /* SceneDelegate.swift in Sources */ = {isa = PBXBuildFile; fileRef = 9F818B2E29F6402400005981 /* SceneDelegate.swift */; };
		9F818B3429F6402400005981 /* Main.storyboard in Resources */ = {isa = PBXBuildFile; fileRef = 9F818B3229F6402400005981 /* Main.storyboard */; };
		9F818B3629F6402500005981 /* Assets.xcassets in Resources */ = {isa = PBXBuildFile; fileRef = 9F818B3529F6402500005981 /* Assets.xcassets */; };
		9F818B3929F6402500005981 /* LaunchScreen.storyboard in Resources */ = {isa = PBXBuildFile; fileRef = 9F818B3729F6402500005981 /* LaunchScreen.storyboard */; };
		9FBA689E29F8954F00E77871 /* CardDetails.swift in Sources */ = {isa = PBXBuildFile; fileRef = 9FBA689D29F8954F00E77871 /* CardDetails.swift */; };
		9FC3E95129F691C300B3156D /* CollectionViewController.swift in Sources */ = {isa = PBXBuildFile; fileRef = 9FC3E95029F691C300B3156D /* CollectionViewController.swift */; };
/* End PBXBuildFile section */

/* Begin PBXFileReference section */
		1C0B327D2A0FA21B00147232 /* Breed.swift */ = {isa = PBXFileReference; lastKnownFileType = sourcecode.swift; path = Breed.swift; sourceTree = "<group>"; };
		1C0B32812A11CFD400147232 /* GoogleService-Info.plist */ = {isa = PBXFileReference; fileEncoding = 4; lastKnownFileType = text.plist.xml; path = "GoogleService-Info.plist"; sourceTree = "<group>"; };
		1C0B32832A14C28000147232 /* Breed+CoreDataClass.swift */ = {isa = PBXFileReference; lastKnownFileType = sourcecode.swift; path = "Breed+CoreDataClass.swift"; sourceTree = "<group>"; };
		1C0B32842A14C28000147232 /* Breed+CoreDataProperties.swift */ = {isa = PBXFileReference; lastKnownFileType = sourcecode.swift; path = "Breed+CoreDataProperties.swift"; sourceTree = "<group>"; };
		1C1DCF9A2A09D70C0013662D /* MulticastDelegate.swift */ = {isa = PBXFileReference; lastKnownFileType = sourcecode.swift; path = MulticastDelegate.swift; sourceTree = "<group>"; };
		1C1DCF9D2A09D7250013662D /* DataModel.xcdatamodel */ = {isa = PBXFileReference; lastKnownFileType = wrapper.xcdatamodel; path = DataModel.xcdatamodel; sourceTree = "<group>"; };
		1C1DCF9F2A09D7650013662D /* Card+CoreDataClass.swift */ = {isa = PBXFileReference; lastKnownFileType = sourcecode.swift; name = "Card+CoreDataClass.swift"; path = "../Card+CoreDataClass.swift"; sourceTree = "<group>"; };
		1C1DCFA02A09D7650013662D /* Card+CoreDataProperties.swift */ = {isa = PBXFileReference; lastKnownFileType = sourcecode.swift; path = "Card+CoreDataProperties.swift"; sourceTree = "<group>"; };
		1C4EE2D22A08AA8B008F0B7D /* Util.swift */ = {isa = PBXFileReference; lastKnownFileType = sourcecode.swift; path = Util.swift; sourceTree = "<group>"; };
		1C4EE2D62A08B0CD008F0B7D /* DatabaseProtocol.swift */ = {isa = PBXFileReference; lastKnownFileType = sourcecode.swift; path = DatabaseProtocol.swift; sourceTree = "<group>"; };
		1C4EE2D82A08B0FA008F0B7D /* CoreDataController.swift */ = {isa = PBXFileReference; lastKnownFileType = sourcecode.swift; path = CoreDataController.swift; sourceTree = "<group>"; };
		1C69531E29FF7956004349D8 /* TradeViewController.swift */ = {isa = PBXFileReference; lastKnownFileType = sourcecode.swift; path = TradeViewController.swift; sourceTree = "<group>"; };
		1C69532029FF7970004349D8 /* OpenViewController.swift */ = {isa = PBXFileReference; lastKnownFileType = sourcecode.swift; path = OpenViewController.swift; sourceTree = "<group>"; };
		1C6953222A00AAB0004349D8 /* ImageViewController.swift */ = {isa = PBXFileReference; lastKnownFileType = sourcecode.swift; path = ImageViewController.swift; sourceTree = "<group>"; };
		1C6953242A00AFF3004349D8 /* SearchViewController.swift */ = {isa = PBXFileReference; lastKnownFileType = sourcecode.swift; path = SearchViewController.swift; sourceTree = "<group>"; };
		1C6953262A00B38C004349D8 /* OfferTableViewCell.swift */ = {isa = PBXFileReference; lastKnownFileType = sourcecode.swift; path = OfferTableViewCell.swift; sourceTree = "<group>"; };
		1C6953282A00B46C004349D8 /* IncomingOffersViewController.swift */ = {isa = PBXFileReference; lastKnownFileType = sourcecode.swift; path = IncomingOffersViewController.swift; sourceTree = "<group>"; };
		1C69532A2A00B514004349D8 /* Offer.swift */ = {isa = PBXFileReference; lastKnownFileType = sourcecode.swift; path = Offer.swift; sourceTree = "<group>"; };
		1C69532C2A01CEA1004349D8 /* UserViewController.swift */ = {isa = PBXFileReference; lastKnownFileType = sourcecode.swift; path = UserViewController.swift; sourceTree = "<group>"; };
		1C69532E2A01DBFE004349D8 /* OfferViewController.swift */ = {isa = PBXFileReference; lastKnownFileType = sourcecode.swift; path = OfferViewController.swift; sourceTree = "<group>"; };
		1C90CBAA2A25CBD800384A69 /* APIKEYS.swift */ = {isa = PBXFileReference; lastKnownFileType = sourcecode.swift; path = APIKEYS.swift; sourceTree = "<group>"; };
		1C90CBAE2A28572F00384A69 /* CardView.swift */ = {isa = PBXFileReference; lastKnownFileType = sourcecode.swift; path = CardView.swift; sourceTree = "<group>"; };
		1CA327DA2A0AF55200BD5E6F /* PackTimer+CoreDataClass.swift */ = {isa = PBXFileReference; lastKnownFileType = sourcecode.swift; path = "PackTimer+CoreDataClass.swift"; sourceTree = "<group>"; };
		1CA327DB2A0AF55200BD5E6F /* PackTimer+CoreDataProperties.swift */ = {isa = PBXFileReference; lastKnownFileType = sourcecode.swift; path = "PackTimer+CoreDataProperties.swift"; sourceTree = "<group>"; };
		1CA327DE2A0AFC8600BD5E6F /* InfoViewController.swift */ = {isa = PBXFileReference; lastKnownFileType = sourcecode.swift; path = InfoViewController.swift; sourceTree = "<group>"; };
		1CCB6E9C2A2B1F8100C67F99 /* LoginViewController.swift */ = {isa = PBXFileReference; lastKnownFileType = sourcecode.swift; path = LoginViewController.swift; sourceTree = "<group>"; };
		1CCB6EA02A30C60B00C67F99 /* TradeCard.swift */ = {isa = PBXFileReference; lastKnownFileType = sourcecode.swift; path = TradeCard.swift; sourceTree = "<group>"; };
		1CCB6EA22A30C7EE00C67F99 /* CardTableViewCell.swift */ = {isa = PBXFileReference; lastKnownFileType = sourcecode.swift; path = CardTableViewCell.swift; sourceTree = "<group>"; };
		9F0CC66D29F753ED00B5A612 /* CardViewCell.swift */ = {isa = PBXFileReference; lastKnownFileType = sourcecode.swift; path = CardViewCell.swift; sourceTree = "<group>"; };
		9F818B2929F6402400005981 /* Pet Collectors.app */ = {isa = PBXFileReference; explicitFileType = wrapper.application; includeInIndex = 0; path = "Pet Collectors.app"; sourceTree = BUILT_PRODUCTS_DIR; };
		9F818B2C29F6402400005981 /* AppDelegate.swift */ = {isa = PBXFileReference; lastKnownFileType = sourcecode.swift; path = AppDelegate.swift; sourceTree = "<group>"; };
		9F818B2E29F6402400005981 /* SceneDelegate.swift */ = {isa = PBXFileReference; lastKnownFileType = sourcecode.swift; path = SceneDelegate.swift; sourceTree = "<group>"; };
		9F818B3329F6402400005981 /* Base */ = {isa = PBXFileReference; lastKnownFileType = file.storyboard; name = Base; path = Base.lproj/Main.storyboard; sourceTree = "<group>"; };
		9F818B3529F6402500005981 /* Assets.xcassets */ = {isa = PBXFileReference; lastKnownFileType = folder.assetcatalog; path = Assets.xcassets; sourceTree = "<group>"; };
		9F818B3829F6402500005981 /* Base */ = {isa = PBXFileReference; lastKnownFileType = file.storyboard; name = Base; path = Base.lproj/LaunchScreen.storyboard; sourceTree = "<group>"; };
		9F818B3A29F6402500005981 /* Info.plist */ = {isa = PBXFileReference; lastKnownFileType = text.plist.xml; path = Info.plist; sourceTree = "<group>"; };
		9FBA689D29F8954F00E77871 /* CardDetails.swift */ = {isa = PBXFileReference; lastKnownFileType = sourcecode.swift; path = CardDetails.swift; sourceTree = "<group>"; };
		9FC3E95029F691C300B3156D /* CollectionViewController.swift */ = {isa = PBXFileReference; lastKnownFileType = sourcecode.swift; path = CollectionViewController.swift; sourceTree = "<group>"; };
/* End PBXFileReference section */

/* Begin PBXFrameworksBuildPhase section */
		9F818B2629F6402400005981 /* Frameworks */ = {
			isa = PBXFrameworksBuildPhase;
			buildActionMask = 2147483647;
			files = (
				1C0B32752A0F900500147232 /* FirebaseAuth in Frameworks */,
				1C0B32772A0F900500147232 /* FirebaseFirestore in Frameworks */,
				1C0B32792A0F900500147232 /* FirebaseFirestoreSwift in Frameworks */,
			);
			runOnlyForDeploymentPostprocessing = 0;
		};
/* End PBXFrameworksBuildPhase section */

/* Begin PBXGroup section */
		1C0B327A2A0FA15600147232 /* View-Controllers */ = {
			isa = PBXGroup;
			children = (
				9FC3E95029F691C300B3156D /* CollectionViewController.swift */,
				1C69531E29FF7956004349D8 /* TradeViewController.swift */,
				1C69532029FF7970004349D8 /* OpenViewController.swift */,
				1C6953222A00AAB0004349D8 /* ImageViewController.swift */,
				1C6953242A00AFF3004349D8 /* SearchViewController.swift */,
				1C6953282A00B46C004349D8 /* IncomingOffersViewController.swift */,
				1CA327DE2A0AFC8600BD5E6F /* InfoViewController.swift */,
				1C69532C2A01CEA1004349D8 /* UserViewController.swift */,
				1C69532E2A01DBFE004349D8 /* OfferViewController.swift */,
				1CCB6E9C2A2B1F8100C67F99 /* LoginViewController.swift */,
			);
			path = "View-Controllers";
			sourceTree = "<group>";
		};
		1C0B327B2A0FA18600147232 /* Cells */ = {
			isa = PBXGroup;
			children = (
				9F0CC66D29F753ED00B5A612 /* CardViewCell.swift */,
				1C6953262A00B38C004349D8 /* OfferTableViewCell.swift */,
				1CCB6EA22A30C7EE00C67F99 /* CardTableViewCell.swift */,
			);
			path = Cells;
			sourceTree = "<group>";
		};
		1C0B327C2A0FA1F700147232 /* Firebase */ = {
			isa = PBXGroup;
			children = (
				1C0B327D2A0FA21B00147232 /* Breed.swift */,
				1C69532A2A00B514004349D8 /* Offer.swift */,
			);
			path = Firebase;
			sourceTree = "<group>";
		};
		1C4EE2D42A08B04B008F0B7D /* DataModel */ = {
			isa = PBXGroup;
			children = (
				1C0B32832A14C28000147232 /* Breed+CoreDataClass.swift */,
				1C0B32842A14C28000147232 /* Breed+CoreDataProperties.swift */,
				1C1DCF9F2A09D7650013662D /* Card+CoreDataClass.swift */,
				1C1DCFA02A09D7650013662D /* Card+CoreDataProperties.swift */,
				1CA327DA2A0AF55200BD5E6F /* PackTimer+CoreDataClass.swift */,
				1CA327DB2A0AF55200BD5E6F /* PackTimer+CoreDataProperties.swift */,
				1C1DCF9C2A09D7250013662D /* DataModel.xcdatamodeld */,
				1CCB6EA02A30C60B00C67F99 /* TradeCard.swift */,
			);
			path = DataModel;
			sourceTree = "<group>";
		};
		1C4EE2D52A08B060008F0B7D /* Database */ = {
			isa = PBXGroup;
			children = (
				1C1DCF9A2A09D70C0013662D /* MulticastDelegate.swift */,
				1C4EE2D62A08B0CD008F0B7D /* DatabaseProtocol.swift */,
				1C4EE2D82A08B0FA008F0B7D /* CoreDataController.swift */,
			);
			path = Database;
			sourceTree = "<group>";
		};
		9F818B2029F6402400005981 = {
			isa = PBXGroup;
			children = (
				9F818B2B29F6402400005981 /* Pet Collectors */,
				9F818B2A29F6402400005981 /* Products */,
			);
			sourceTree = "<group>";
		};
		9F818B2A29F6402400005981 /* Products */ = {
			isa = PBXGroup;
			children = (
				9F818B2929F6402400005981 /* Pet Collectors.app */,
			);
			name = Products;
			sourceTree = "<group>";
		};
		9F818B2B29F6402400005981 /* Pet Collectors */ = {
			isa = PBXGroup;
			children = (
				1C0B32812A11CFD400147232 /* GoogleService-Info.plist */,
				1C0B327C2A0FA1F700147232 /* Firebase */,
				1C0B327B2A0FA18600147232 /* Cells */,
				1C0B327A2A0FA15600147232 /* View-Controllers */,
				1C4EE2D52A08B060008F0B7D /* Database */,
				1C4EE2D42A08B04B008F0B7D /* DataModel */,
				9F818B2C29F6402400005981 /* AppDelegate.swift */,
				9F818B2E29F6402400005981 /* SceneDelegate.swift */,
				9F818B3229F6402400005981 /* Main.storyboard */,
				9F818B3529F6402500005981 /* Assets.xcassets */,
				9F818B3729F6402500005981 /* LaunchScreen.storyboard */,
				9F818B3A29F6402500005981 /* Info.plist */,
				9FBA689D29F8954F00E77871 /* CardDetails.swift */,
				1C4EE2D22A08AA8B008F0B7D /* Util.swift */,
				1C90CBAA2A25CBD800384A69 /* APIKEYS.swift */,
				1C90CBAE2A28572F00384A69 /* CardView.swift */,
			);
			path = "Pet Collectors";
			sourceTree = "<group>";
		};
/* End PBXGroup section */

/* Begin PBXNativeTarget section */
		9F818B2829F6402400005981 /* Pet Collectors */ = {
			isa = PBXNativeTarget;
			buildConfigurationList = 9F818B3D29F6402500005981 /* Build configuration list for PBXNativeTarget "Pet Collectors" */;
			buildPhases = (
				9F818B2529F6402400005981 /* Sources */,
				9F818B2629F6402400005981 /* Frameworks */,
				9F818B2729F6402400005981 /* Resources */,
			);
			buildRules = (
			);
			dependencies = (
			);
			name = "Pet Collectors";
			packageProductDependencies = (
				1C0B32742A0F900500147232 /* FirebaseAuth */,
				1C0B32762A0F900500147232 /* FirebaseFirestore */,
				1C0B32782A0F900500147232 /* FirebaseFirestoreSwift */,
			);
			productName = "Pet Collectors";
			productReference = 9F818B2929F6402400005981 /* Pet Collectors.app */;
			productType = "com.apple.product-type.application";
		};
/* End PBXNativeTarget section */

/* Begin PBXProject section */
		9F818B2129F6402400005981 /* Project object */ = {
			isa = PBXProject;
			attributes = {
				BuildIndependentTargetsInParallel = 1;
				LastSwiftUpdateCheck = 1410;
				LastUpgradeCheck = 1410;
				TargetAttributes = {
					9F818B2829F6402400005981 = {
						CreatedOnToolsVersion = 14.1;
					};
				};
			};
			buildConfigurationList = 9F818B2429F6402400005981 /* Build configuration list for PBXProject "Pet Collectors" */;
			compatibilityVersion = "Xcode 14.0";
			developmentRegion = en;
			hasScannedForEncodings = 0;
			knownRegions = (
				en,
				Base,
			);
			mainGroup = 9F818B2029F6402400005981;
			packageReferences = (
				1C0B32732A0F900500147232 /* XCRemoteSwiftPackageReference "firebase-ios-sdk" */,
			);
			productRefGroup = 9F818B2A29F6402400005981 /* Products */;
			projectDirPath = "";
			projectRoot = "";
			targets = (
				9F818B2829F6402400005981 /* Pet Collectors */,
			);
		};
/* End PBXProject section */

/* Begin PBXResourcesBuildPhase section */
		9F818B2729F6402400005981 /* Resources */ = {
			isa = PBXResourcesBuildPhase;
			buildActionMask = 2147483647;
			files = (
				9F818B3929F6402500005981 /* LaunchScreen.storyboard in Resources */,
				9F818B3629F6402500005981 /* Assets.xcassets in Resources */,
				9F818B3429F6402400005981 /* Main.storyboard in Resources */,
				1C0B32822A11CFD400147232 /* GoogleService-Info.plist in Resources */,
			);
			runOnlyForDeploymentPostprocessing = 0;
		};
/* End PBXResourcesBuildPhase section */

/* Begin PBXSourcesBuildPhase section */
		9F818B2529F6402400005981 /* Sources */ = {
			isa = PBXSourcesBuildPhase;
			buildActionMask = 2147483647;
			files = (
				1CCB6E9D2A2B1F8100C67F99 /* LoginViewController.swift in Sources */,
				1C1DCFA12A09D7650013662D /* Card+CoreDataClass.swift in Sources */,
				1C69532D2A01CEA1004349D8 /* UserViewController.swift in Sources */,
				1C6953292A00B46C004349D8 /* IncomingOffersViewController.swift in Sources */,
				1C1DCF9B2A09D70C0013662D /* MulticastDelegate.swift in Sources */,
				1C69532F2A01DBFE004349D8 /* OfferViewController.swift in Sources */,
				1C69532129FF7970004349D8 /* OpenViewController.swift in Sources */,
				1C4EE2D92A08B0FA008F0B7D /* CoreDataController.swift in Sources */,
				1CCB6EA12A30C60B00C67F99 /* TradeCard.swift in Sources */,
				1C69531F29FF7956004349D8 /* TradeViewController.swift in Sources */,
				1C1DCF9E2A09D7250013662D /* DataModel.xcdatamodeld in Sources */,
				1CA327DF2A0AFC8600BD5E6F /* InfoViewController.swift in Sources */,
				1C4EE2D32A08AA8B008F0B7D /* Util.swift in Sources */,
				1C90CBAF2A28572F00384A69 /* CardView.swift in Sources */,
				1C6953272A00B38C004349D8 /* OfferTableViewCell.swift in Sources */,
				1CCB6EA32A30C7EE00C67F99 /* CardTableViewCell.swift in Sources */,
				1C69532B2A00B514004349D8 /* Offer.swift in Sources */,
				9F0CC66E29F753ED00B5A612 /* CardViewCell.swift in Sources */,
				1C6953232A00AAB0004349D8 /* ImageViewController.swift in Sources */,
				9FBA689E29F8954F00E77871 /* CardDetails.swift in Sources */,
				1C90CBAB2A25CBD800384A69 /* APIKEYS.swift in Sources */,
				1C6953252A00AFF3004349D8 /* SearchViewController.swift in Sources */,
				1C0B327E2A0FA21B00147232 /* Breed.swift in Sources */,
				1C0B32862A14C28000147232 /* Breed+CoreDataProperties.swift in Sources */,
				1CA327DD2A0AF55200BD5E6F /* PackTimer+CoreDataProperties.swift in Sources */,
				9FC3E95129F691C300B3156D /* CollectionViewController.swift in Sources */,
				9F818B2D29F6402400005981 /* AppDelegate.swift in Sources */,
				9F818B2F29F6402400005981 /* SceneDelegate.swift in Sources */,
				1C4EE2D72A08B0CD008F0B7D /* DatabaseProtocol.swift in Sources */,
				1CA327DC2A0AF55200BD5E6F /* PackTimer+CoreDataClass.swift in Sources */,
				1C0B32852A14C28000147232 /* Breed+CoreDataClass.swift in Sources */,
				1C1DCFA22A09D7650013662D /* Card+CoreDataProperties.swift in Sources */,
			);
			runOnlyForDeploymentPostprocessing = 0;
		};
/* End PBXSourcesBuildPhase section */

/* Begin PBXVariantGroup section */
		9F818B3229F6402400005981 /* Main.storyboard */ = {
			isa = PBXVariantGroup;
			children = (
				9F818B3329F6402400005981 /* Base */,
			);
			name = Main.storyboard;
			sourceTree = "<group>";
		};
		9F818B3729F6402500005981 /* LaunchScreen.storyboard */ = {
			isa = PBXVariantGroup;
			children = (
				9F818B3829F6402500005981 /* Base */,
			);
			name = LaunchScreen.storyboard;
			sourceTree = "<group>";
		};
/* End PBXVariantGroup section */

/* Begin XCBuildConfiguration section */
		9F818B3B29F6402500005981 /* Debug */ = {
			isa = XCBuildConfiguration;
			buildSettings = {
				ALWAYS_SEARCH_USER_PATHS = NO;
				CLANG_ANALYZER_NONNULL = YES;
				CLANG_ANALYZER_NUMBER_OBJECT_CONVERSION = YES_AGGRESSIVE;
				CLANG_CXX_LANGUAGE_STANDARD = "gnu++20";
				CLANG_ENABLE_MODULES = YES;
				CLANG_ENABLE_OBJC_ARC = YES;
				CLANG_ENABLE_OBJC_WEAK = YES;
				CLANG_WARN_BLOCK_CAPTURE_AUTORELEASING = YES;
				CLANG_WARN_BOOL_CONVERSION = YES;
				CLANG_WARN_COMMA = YES;
				CLANG_WARN_CONSTANT_CONVERSION = YES;
				CLANG_WARN_DEPRECATED_OBJC_IMPLEMENTATIONS = YES;
				CLANG_WARN_DIRECT_OBJC_ISA_USAGE = YES_ERROR;
				CLANG_WARN_DOCUMENTATION_COMMENTS = YES;
				CLANG_WARN_EMPTY_BODY = YES;
				CLANG_WARN_ENUM_CONVERSION = YES;
				CLANG_WARN_INFINITE_RECURSION = YES;
				CLANG_WARN_INT_CONVERSION = YES;
				CLANG_WARN_NON_LITERAL_NULL_CONVERSION = YES;
				CLANG_WARN_OBJC_IMPLICIT_RETAIN_SELF = YES;
				CLANG_WARN_OBJC_LITERAL_CONVERSION = YES;
				CLANG_WARN_OBJC_ROOT_CLASS = YES_ERROR;
				CLANG_WARN_QUOTED_INCLUDE_IN_FRAMEWORK_HEADER = YES;
				CLANG_WARN_RANGE_LOOP_ANALYSIS = YES;
				CLANG_WARN_STRICT_PROTOTYPES = YES;
				CLANG_WARN_SUSPICIOUS_MOVE = YES;
				CLANG_WARN_UNGUARDED_AVAILABILITY = YES_AGGRESSIVE;
				CLANG_WARN_UNREACHABLE_CODE = YES;
				CLANG_WARN__DUPLICATE_METHOD_MATCH = YES;
				COPY_PHASE_STRIP = NO;
				DEBUG_INFORMATION_FORMAT = dwarf;
				ENABLE_STRICT_OBJC_MSGSEND = YES;
				ENABLE_TESTABILITY = YES;
				GCC_C_LANGUAGE_STANDARD = gnu11;
				GCC_DYNAMIC_NO_PIC = NO;
				GCC_NO_COMMON_BLOCKS = YES;
				GCC_OPTIMIZATION_LEVEL = 0;
				GCC_PREPROCESSOR_DEFINITIONS = (
					"DEBUG=1",
					"$(inherited)",
				);
				GCC_WARN_64_TO_32_BIT_CONVERSION = YES;
				GCC_WARN_ABOUT_RETURN_TYPE = YES_ERROR;
				GCC_WARN_UNDECLARED_SELECTOR = YES;
				GCC_WARN_UNINITIALIZED_AUTOS = YES_AGGRESSIVE;
				GCC_WARN_UNUSED_FUNCTION = YES;
				GCC_WARN_UNUSED_VARIABLE = YES;
				IPHONEOS_DEPLOYMENT_TARGET = 16.1;
				MTL_ENABLE_DEBUG_INFO = INCLUDE_SOURCE;
				MTL_FAST_MATH = YES;
				ONLY_ACTIVE_ARCH = YES;
				SDKROOT = iphoneos;
				SWIFT_ACTIVE_COMPILATION_CONDITIONS = DEBUG;
				SWIFT_OPTIMIZATION_LEVEL = "-Onone";
			};
			name = Debug;
		};
		9F818B3C29F6402500005981 /* Release */ = {
			isa = XCBuildConfiguration;
			buildSettings = {
				ALWAYS_SEARCH_USER_PATHS = NO;
				CLANG_ANALYZER_NONNULL = YES;
				CLANG_ANALYZER_NUMBER_OBJECT_CONVERSION = YES_AGGRESSIVE;
				CLANG_CXX_LANGUAGE_STANDARD = "gnu++20";
				CLANG_ENABLE_MODULES = YES;
				CLANG_ENABLE_OBJC_ARC = YES;
				CLANG_ENABLE_OBJC_WEAK = YES;
				CLANG_WARN_BLOCK_CAPTURE_AUTORELEASING = YES;
				CLANG_WARN_BOOL_CONVERSION = YES;
				CLANG_WARN_COMMA = YES;
				CLANG_WARN_CONSTANT_CONVERSION = YES;
				CLANG_WARN_DEPRECATED_OBJC_IMPLEMENTATIONS = YES;
				CLANG_WARN_DIRECT_OBJC_ISA_USAGE = YES_ERROR;
				CLANG_WARN_DOCUMENTATION_COMMENTS = YES;
				CLANG_WARN_EMPTY_BODY = YES;
				CLANG_WARN_ENUM_CONVERSION = YES;
				CLANG_WARN_INFINITE_RECURSION = YES;
				CLANG_WARN_INT_CONVERSION = YES;
				CLANG_WARN_NON_LITERAL_NULL_CONVERSION = YES;
				CLANG_WARN_OBJC_IMPLICIT_RETAIN_SELF = YES;
				CLANG_WARN_OBJC_LITERAL_CONVERSION = YES;
				CLANG_WARN_OBJC_ROOT_CLASS = YES_ERROR;
				CLANG_WARN_QUOTED_INCLUDE_IN_FRAMEWORK_HEADER = YES;
				CLANG_WARN_RANGE_LOOP_ANALYSIS = YES;
				CLANG_WARN_STRICT_PROTOTYPES = YES;
				CLANG_WARN_SUSPICIOUS_MOVE = YES;
				CLANG_WARN_UNGUARDED_AVAILABILITY = YES_AGGRESSIVE;
				CLANG_WARN_UNREACHABLE_CODE = YES;
				CLANG_WARN__DUPLICATE_METHOD_MATCH = YES;
				COPY_PHASE_STRIP = NO;
				DEBUG_INFORMATION_FORMAT = "dwarf-with-dsym";
				ENABLE_NS_ASSERTIONS = NO;
				ENABLE_STRICT_OBJC_MSGSEND = YES;
				GCC_C_LANGUAGE_STANDARD = gnu11;
				GCC_NO_COMMON_BLOCKS = YES;
				GCC_WARN_64_TO_32_BIT_CONVERSION = YES;
				GCC_WARN_ABOUT_RETURN_TYPE = YES_ERROR;
				GCC_WARN_UNDECLARED_SELECTOR = YES;
				GCC_WARN_UNINITIALIZED_AUTOS = YES_AGGRESSIVE;
				GCC_WARN_UNUSED_FUNCTION = YES;
				GCC_WARN_UNUSED_VARIABLE = YES;
				IPHONEOS_DEPLOYMENT_TARGET = 16.1;
				MTL_ENABLE_DEBUG_INFO = NO;
				MTL_FAST_MATH = YES;
				SDKROOT = iphoneos;
				SWIFT_COMPILATION_MODE = wholemodule;
				SWIFT_OPTIMIZATION_LEVEL = "-O";
				VALIDATE_PRODUCT = YES;
			};
			name = Release;
		};
		9F818B3E29F6402500005981 /* Debug */ = {
			isa = XCBuildConfiguration;
			buildSettings = {
				ASSETCATALOG_COMPILER_APPICON_NAME = AppIcon;
				ASSETCATALOG_COMPILER_GLOBAL_ACCENT_COLOR_NAME = AccentColor;
				CODE_SIGN_STYLE = Automatic;
				CURRENT_PROJECT_VERSION = 1;
				GENERATE_INFOPLIST_FILE = YES;
				INFOPLIST_FILE = "Pet Collectors/Info.plist";
				INFOPLIST_KEY_UIApplicationSupportsIndirectInputEvents = YES;
				INFOPLIST_KEY_UILaunchStoryboardName = LaunchScreen;
				INFOPLIST_KEY_UIMainStoryboardFile = Main;
				INFOPLIST_KEY_UISupportedInterfaceOrientations_iPad = "UIInterfaceOrientationPortrait UIInterfaceOrientationPortraitUpsideDown UIInterfaceOrientationLandscapeLeft UIInterfaceOrientationLandscapeRight";
				INFOPLIST_KEY_UISupportedInterfaceOrientations_iPhone = "UIInterfaceOrientationPortrait UIInterfaceOrientationLandscapeLeft UIInterfaceOrientationLandscapeRight";
				LD_RUNPATH_SEARCH_PATHS = (
					"$(inherited)",
					"@executable_path/Frameworks",
				);
				MARKETING_VERSION = 1.0;
				PRODUCT_BUNDLE_IDENTIFIER = "edu.monash.Pet-Collectors";
				PRODUCT_NAME = "$(TARGET_NAME)";
				SWIFT_EMIT_LOC_STRINGS = YES;
				SWIFT_VERSION = 5.0;
				TARGETED_DEVICE_FAMILY = "1,2";
			};
			name = Debug;
		};
		9F818B3F29F6402500005981 /* Release */ = {
			isa = XCBuildConfiguration;
			buildSettings = {
				ASSETCATALOG_COMPILER_APPICON_NAME = AppIcon;
				ASSETCATALOG_COMPILER_GLOBAL_ACCENT_COLOR_NAME = AccentColor;
				CODE_SIGN_STYLE = Automatic;
				CURRENT_PROJECT_VERSION = 1;
				GENERATE_INFOPLIST_FILE = YES;
				INFOPLIST_FILE = "Pet Collectors/Info.plist";
				INFOPLIST_KEY_UIApplicationSupportsIndirectInputEvents = YES;
				INFOPLIST_KEY_UILaunchStoryboardName = LaunchScreen;
				INFOPLIST_KEY_UIMainStoryboardFile = Main;
				INFOPLIST_KEY_UISupportedInterfaceOrientations_iPad = "UIInterfaceOrientationPortrait UIInterfaceOrientationPortraitUpsideDown UIInterfaceOrientationLandscapeLeft UIInterfaceOrientationLandscapeRight";
				INFOPLIST_KEY_UISupportedInterfaceOrientations_iPhone = "UIInterfaceOrientationPortrait UIInterfaceOrientationLandscapeLeft UIInterfaceOrientationLandscapeRight";
				LD_RUNPATH_SEARCH_PATHS = (
					"$(inherited)",
					"@executable_path/Frameworks",
				);
				MARKETING_VERSION = 1.0;
				PRODUCT_BUNDLE_IDENTIFIER = "edu.monash.Pet-Collectors";
				PRODUCT_NAME = "$(TARGET_NAME)";
				SWIFT_EMIT_LOC_STRINGS = YES;
				SWIFT_VERSION = 5.0;
				TARGETED_DEVICE_FAMILY = "1,2";
			};
			name = Release;
		};
/* End XCBuildConfiguration section */

/* Begin XCConfigurationList section */
		9F818B2429F6402400005981 /* Build configuration list for PBXProject "Pet Collectors" */ = {
			isa = XCConfigurationList;
			buildConfigurations = (
				9F818B3B29F6402500005981 /* Debug */,
				9F818B3C29F6402500005981 /* Release */,
			);
			defaultConfigurationIsVisible = 0;
			defaultConfigurationName = Release;
		};
		9F818B3D29F6402500005981 /* Build configuration list for PBXNativeTarget "Pet Collectors" */ = {
			isa = XCConfigurationList;
			buildConfigurations = (
				9F818B3E29F6402500005981 /* Debug */,
				9F818B3F29F6402500005981 /* Release */,
			);
			defaultConfigurationIsVisible = 0;
			defaultConfigurationName = Release;
		};
/* End XCConfigurationList section */

/* Begin XCRemoteSwiftPackageReference section */
		1C0B32732A0F900500147232 /* XCRemoteSwiftPackageReference "firebase-ios-sdk" */ = {
			isa = XCRemoteSwiftPackageReference;
			repositoryURL = "https://github.com/firebase/firebase-ios-sdk.git";
			requirement = {
				kind = upToNextMajorVersion;
				minimumVersion = 10.0.0;
			};
		};
/* End XCRemoteSwiftPackageReference section */

/* Begin XCSwiftPackageProductDependency section */
		1C0B32742A0F900500147232 /* FirebaseAuth */ = {
			isa = XCSwiftPackageProductDependency;
			package = 1C0B32732A0F900500147232 /* XCRemoteSwiftPackageReference "firebase-ios-sdk" */;
			productName = FirebaseAuth;
		};
		1C0B32762A0F900500147232 /* FirebaseFirestore */ = {
			isa = XCSwiftPackageProductDependency;
			package = 1C0B32732A0F900500147232 /* XCRemoteSwiftPackageReference "firebase-ios-sdk" */;
			productName = FirebaseFirestore;
		};
		1C0B32782A0F900500147232 /* FirebaseFirestoreSwift */ = {
			isa = XCSwiftPackageProductDependency;
			package = 1C0B32732A0F900500147232 /* XCRemoteSwiftPackageReference "firebase-ios-sdk" */;
			productName = FirebaseFirestoreSwift;
		};
/* End XCSwiftPackageProductDependency section */

/* Begin XCVersionGroup section */
		1C1DCF9C2A09D7250013662D /* DataModel.xcdatamodeld */ = {
			isa = XCVersionGroup;
			children = (
				1C1DCF9D2A09D7250013662D /* DataModel.xcdatamodel */,
			);
			currentVersion = 1C1DCF9D2A09D7250013662D /* DataModel.xcdatamodel */;
			path = DataModel.xcdatamodeld;
			sourceTree = "<group>";
			versionGroupType = wrapper.xcdatamodel;
		};
/* End XCVersionGroup section */
	};
	rootObject = 9F818B2129F6402400005981 /* Project object */;
}
